// !$*UTF8*$!
{
	archiveVersion = 1;
	classes = {
	};
	objectVersion = 46;
	objects = {

/* Begin PBXBuildFile section */
		5C9EB2601ED8E79D001B6C12 /* AppDelegate.swift in Sources */ = {isa = PBXBuildFile; fileRef = 5C9EB25F1ED8E79D001B6C12 /* AppDelegate.swift */; };
		5C9EB2621ED8E79D001B6C12 /* ViewController.swift in Sources */ = {isa = PBXBuildFile; fileRef = 5C9EB2611ED8E79D001B6C12 /* ViewController.swift */; };
		5C9EB2641ED8E79D001B6C12 /* Assets.xcassets in Resources */ = {isa = PBXBuildFile; fileRef = 5C9EB2631ED8E79D001B6C12 /* Assets.xcassets */; };
		5C9EB2671ED8E79D001B6C12 /* Main.storyboard in Resources */ = {isa = PBXBuildFile; fileRef = 5C9EB2651ED8E79D001B6C12 /* Main.storyboard */; };
		5C9EB2731ED8E884001B6C12 /* Vehicle.swift in Sources */ = {isa = PBXBuildFile; fileRef = 5C9EB2721ED8E884001B6C12 /* Vehicle.swift */; };
		5CC703CD1F5F6F0400267B5D /* Tin.framework in Frameworks */ = {isa = PBXBuildFile; fileRef = 5CC703CC1F5F6EFD00267B5D /* Tin.framework */; };
		5CC703CE1F5F6F0400267B5D /* Tin.framework in Embed Frameworks */ = {isa = PBXBuildFile; fileRef = 5CC703CC1F5F6EFD00267B5D /* Tin.framework */; settings = {ATTRIBUTES = (CodeSignOnCopy, RemoveHeadersOnCopy, ); }; };
/* End PBXBuildFile section */

/* Begin PBXCopyFilesBuildPhase section */
		5C9EB2711ED8E7D7001B6C12 /* Embed Frameworks */ = {
			isa = PBXCopyFilesBuildPhase;
			buildActionMask = 2147483647;
			dstPath = "";
			dstSubfolderSpec = 10;
			files = (
				5CC703CE1F5F6F0400267B5D /* Tin.framework in Embed Frameworks */,
			);
			name = "Embed Frameworks";
			runOnlyForDeploymentPostprocessing = 0;
		};
/* End PBXCopyFilesBuildPhase section */

/* Begin PBXFileReference section */
		5C9EB25C1ED8E79D001B6C12 /* Seek_trail.app */ = {isa = PBXFileReference; explicitFileType = wrapper.application; includeInIndex = 0; path = Seek_trail.app; sourceTree = BUILT_PRODUCTS_DIR; };
		5C9EB25F1ED8E79D001B6C12 /* AppDelegate.swift */ = {isa = PBXFileReference; lastKnownFileType = sourcecode.swift; path = AppDelegate.swift; sourceTree = "<group>"; };
		5C9EB2611ED8E79D001B6C12 /* ViewController.swift */ = {isa = PBXFileReference; lastKnownFileType = sourcecode.swift; path = ViewController.swift; sourceTree = "<group>"; };
		5C9EB2631ED8E79D001B6C12 /* Assets.xcassets */ = {isa = PBXFileReference; lastKnownFileType = folder.assetcatalog; path = Assets.xcassets; sourceTree = "<group>"; };
		5C9EB2661ED8E79D001B6C12 /* Base */ = {isa = PBXFileReference; lastKnownFileType = file.storyboard; name = Base; path = Base.lproj/Main.storyboard; sourceTree = "<group>"; };
		5C9EB2681ED8E79D001B6C12 /* Info.plist */ = {isa = PBXFileReference; lastKnownFileType = text.plist.xml; path = Info.plist; sourceTree = "<group>"; };
		5C9EB2721ED8E884001B6C12 /* Vehicle.swift */ = {isa = PBXFileReference; fileEncoding = 4; lastKnownFileType = sourcecode.swift; path = Vehicle.swift; sourceTree = "<group>"; };
		5CC703CC1F5F6EFD00267B5D /* Tin.framework */ = {isa = PBXFileReference; lastKnownFileType = wrapper.framework; path = Tin.framework; sourceTree = "<group>"; };
/* End PBXFileReference section */

/* Begin PBXFrameworksBuildPhase section */
		5C9EB2591ED8E79D001B6C12 /* Frameworks */ = {
			isa = PBXFrameworksBuildPhase;
			buildActionMask = 2147483647;
			files = (
				5CC703CD1F5F6F0400267B5D /* Tin.framework in Frameworks */,
			);
			runOnlyForDeploymentPostprocessing = 0;
		};
/* End PBXFrameworksBuildPhase section */

/* Begin PBXGroup section */
		5C9EB2531ED8E79D001B6C12 = {
			isa = PBXGroup;
			children = (
				5C9EB25E1ED8E79D001B6C12 /* Seek_trail */,
				5C9EB25D1ED8E79D001B6C12 /* Products */,
			);
			sourceTree = "<group>";
		};
		5C9EB25D1ED8E79D001B6C12 /* Products */ = {
			isa = PBXGroup;
			children = (
				5C9EB25C1ED8E79D001B6C12 /* Seek_trail.app */,
			);
			name = Products;
			sourceTree = "<group>";
		};
		5C9EB25E1ED8E79D001B6C12 /* Seek_trail */ = {
			isa = PBXGroup;
			children = (
				5C9EB25F1ED8E79D001B6C12 /* AppDelegate.swift */,
				5C9EB2611ED8E79D001B6C12 /* ViewController.swift */,
				5C9EB2721ED8E884001B6C12 /* Vehicle.swift */,
				5C9EB2631ED8E79D001B6C12 /* Assets.xcassets */,
				5C9EB2651ED8E79D001B6C12 /* Main.storyboard */,
				5C9EB2681ED8E79D001B6C12 /* Info.plist */,
				5CC703CC1F5F6EFD00267B5D /* Tin.framework */,
			);
			path = Seek_trail;
			sourceTree = "<group>";
		};
/* End PBXGroup section */

/* Begin PBXNativeTarget section */
		5C9EB25B1ED8E79D001B6C12 /* Seek_trail */ = {
			isa = PBXNativeTarget;
			buildConfigurationList = 5C9EB26B1ED8E79D001B6C12 /* Build configuration list for PBXNativeTarget "Seek_trail" */;
			buildPhases = (
				5C9EB2581ED8E79D001B6C12 /* Sources */,
				5C9EB2591ED8E79D001B6C12 /* Frameworks */,
				5C9EB25A1ED8E79D001B6C12 /* Resources */,
				5C9EB2711ED8E7D7001B6C12 /* Embed Frameworks */,
			);
			buildRules = (
			);
			dependencies = (
			);
			name = Seek_trail;
			productName = Seek_trail;
			productReference = 5C9EB25C1ED8E79D001B6C12 /* Seek_trail.app */;
			productType = "com.apple.product-type.application";
		};
/* End PBXNativeTarget section */

/* Begin PBXProject section */
		5C9EB2541ED8E79D001B6C12 /* Project object */ = {
			isa = PBXProject;
			attributes = {
				LastSwiftUpdateCheck = 0830;
				LastUpgradeCheck = 0830;
				ORGANIZATIONNAME = ASU;
				TargetAttributes = {
					5C9EB25B1ED8E79D001B6C12 = {
						CreatedOnToolsVersion = 8.3.2;
						ProvisioningStyle = Automatic;
					};
				};
			};
			buildConfigurationList = 5C9EB2571ED8E79D001B6C12 /* Build configuration list for PBXProject "Seek_trail" */;
			compatibilityVersion = "Xcode 3.2";
			developmentRegion = English;
			hasScannedForEncodings = 0;
			knownRegions = (
				en,
				Base,
			);
			mainGroup = 5C9EB2531ED8E79D001B6C12;
			productRefGroup = 5C9EB25D1ED8E79D001B6C12 /* Products */;
			projectDirPath = "";
			projectRoot = "";
			targets = (
				5C9EB25B1ED8E79D001B6C12 /* Seek_trail */,
			);
		};
/* End PBXProject section */

/* Begin PBXResourcesBuildPhase section */
		5C9EB25A1ED8E79D001B6C12 /* Resources */ = {
			isa = PBXResourcesBuildPhase;
			buildActionMask = 2147483647;
			files = (
				5C9EB2641ED8E79D001B6C12 /* Assets.xcassets in Resources */,
				5C9EB2671ED8E79D001B6C12 /* Main.storyboard in Resources */,
			);
			runOnlyForDeploymentPostprocessing = 0;
		};
/* End PBXResourcesBuildPhase section */

/* Begin PBXSourcesBuildPhase section */
		5C9EB2581ED8E79D001B6C12 /* Sources */ = {
			isa = PBXSourcesBuildPhase;
			buildActionMask = 2147483647;
			files = (
				5C9EB2731ED8E884001B6C12 /* Vehicle.swift in Sources */,
				5C9EB2621ED8E79D001B6C12 /* ViewController.swift in Sources */,
				5C9EB2601ED8E79D001B6C12 /* AppDelegate.swift in Sources */,
			);
			runOnlyForDeploymentPostprocessing = 0;
		};
/* End PBXSourcesBuildPhase section */

/* Begin PBXVariantGroup section */
		5C9EB2651ED8E79D001B6C12 /* Main.storyboard */ = {
			isa = PBXVariantGroup;
			children = (
				5C9EB2661ED8E79D001B6C12 /* Base */,
			);
			name = Main.storyboard;
			sourceTree = "<group>";
		};
/* End PBXVariantGroup section */

/* Begin XCBuildConfiguration section */
		5C9EB2691ED8E79D001B6C12 /* Debug */ = {
			isa = XCBuildConfiguration;
			buildSettings = {
				ALWAYS_SEARCH_USER_PATHS = NO;
				CLANG_ANALYZER_NONNULL = YES;
				CLANG_ANALYZER_NUMBER_OBJECT_CONVERSION = YES_AGGRESSIVE;
				CLANG_CXX_LANGUAGE_STANDARD = "gnu++0x";
				CLANG_CXX_LIBRARY = "libc++";
				CLANG_ENABLE_MODULES = YES;
				CLANG_ENABLE_OBJC_ARC = YES;
				CLANG_WARN_BOOL_CONVERSION = YES;
				CLANG_WARN_CONSTANT_CONVERSION = YES;
				CLANG_WARN_DIRECT_OBJC_ISA_USAGE = YES_ERROR;
				CLANG_WARN_DOCUMENTATION_COMMENTS = YES;
				CLANG_WARN_EMPTY_BODY = YES;
				CLANG_WARN_ENUM_CONVERSION = YES;
				CLANG_WARN_INFINITE_RECURSION = YES;
				CLANG_WARN_INT_CONVERSION = YES;
				CLANG_WARN_OBJC_ROOT_CLASS = YES_ERROR;
				CLANG_WARN_SUSPICIOUS_MOVE = YES;
				CLANG_WARN_UNREACHABLE_CODE = YES;
				CLANG_WARN__DUPLICATE_METHOD_MATCH = YES;
				CODE_SIGN_IDENTITY = "-";
				COPY_PHASE_STRIP = NO;
				DEBUG_INFORMATION_FORMAT = dwarf;
				ENABLE_STRICT_OBJC_MSGSEND = YES;
				ENABLE_TESTABILITY = YES;
				GCC_C_LANGUAGE_STANDARD = gnu99;
				GCC_DYNAMIC_NO_PIC = NO;
				GCC_NO_COMMON_BLOCKS = YES;
				GCC_OPTIMIZATION_LEVEL = 0;
				GCC_PREPROCESSOR_DEFINITIONS = (
					"DEBUG=1",
					"$(inherited)",
				);
				GCC_WARN_64_TO_32_BIT_CONVERSION = YES;
				GCC_WARN_ABOUT_RETURN_TYPE = YES_ERROR;
				GCC_WARN_UNDECLARED_SELECTOR = YES;
				GCC_WARN_UNINITIALIZED_AUTOS = YES_AGGRESSIVE;
				GCC_WARN_UNUSED_FUNCTION = YES;
				GCC_WARN_UNUSED_VARIABLE = YES;
				MACOSX_DEPLOYMENT_TARGET = 10.12;
				MTL_ENABLE_DEBUG_INFO = YES;
				ONLY_ACTIVE_ARCH = YES;
				SDKROOT = macosx;
				SWIFT_ACTIVE_COMPILATION_CONDITIONS = DEBUG;
				SWIFT_OPTIMIZATION_LEVEL = "-Onone";
			};
			name = Debug;
		};
		5C9EB26A1ED8E79D001B6C12 /* Release */ = {
			isa = XCBuildConfiguration;
			buildSettings = {
				ALWAYS_SEARCH_USER_PATHS = NO;
				CLANG_ANALYZER_NONNULL = YES;
				CLANG_ANALYZER_NUMBER_OBJECT_CONVERSION = YES_AGGRESSIVE;
				CLANG_CXX_LANGUAGE_STANDARD = "gnu++0x";
				CLANG_CXX_LIBRARY = "libc++";
				CLANG_ENABLE_MODULES = YES;
				CLANG_ENABLE_OBJC_ARC = YES;
				CLANG_WARN_BOOL_CONVERSION = YES;
				CLANG_WARN_CONSTANT_CONVERSION = YES;
				CLANG_WARN_DIRECT_OBJC_ISA_USAGE = YES_ERROR;
				CLANG_WARN_DOCUMENTATION_COMMENTS = YES;
				CLANG_WARN_EMPTY_BODY = YES;
				CLANG_WARN_ENUM_CONVERSION = YES;
				CLANG_WARN_INFINITE_RECURSION = YES;
				CLANG_WARN_INT_CONVERSION = YES;
				CLANG_WARN_OBJC_ROOT_CLASS = YES_ERROR;
				CLANG_WARN_SUSPICIOUS_MOVE = YES;
				CLANG_WARN_UNREACHABLE_CODE = YES;
				CLANG_WARN__DUPLICATE_METHOD_MATCH = YES;
				CODE_SIGN_IDENTITY = "-";
				COPY_PHASE_STRIP = NO;
				DEBUG_INFORMATION_FORMAT = "dwarf-with-dsym";
				ENABLE_NS_ASSERTIONS = NO;
				ENABLE_STRICT_OBJC_MSGSEND = YES;
				GCC_C_LANGUAGE_STANDARD = gnu99;
				GCC_NO_COMMON_BLOCKS = YES;
				GCC_WARN_64_TO_32_BIT_CONVERSION = YES;
				GCC_WARN_ABOUT_RETURN_TYPE = YES_ERROR;
				GCC_WARN_UNDECLARED_SELECTOR = YES;
				GCC_WARN_UNINITIALIZED_AUTOS = YES_AGGRESSIVE;
				GCC_WARN_UNUSED_FUNCTION = YES;
				GCC_WARN_UNUSED_VARIABLE = YES;
				MACOSX_DEPLOYMENT_TARGET = 10.12;
				MTL_ENABLE_DEBUG_INFO = NO;
				SDKROOT = macosx;
				SWIFT_OPTIMIZATION_LEVEL = "-Owholemodule";
			};
			name = Release;
		};
		5C9EB26C1ED8E79D001B6C12 /* Debug */ = {
			isa = XCBuildConfiguration;
			buildSettings = {
				ASSETCATALOG_COMPILER_APPICON_NAME = AppIcon;
				COMBINE_HIDPI_IMAGES = YES;
				FRAMEWORK_SEARCH_PATHS = (
					"$(inherited)",
					"$(PROJECT_DIR)",
					"$(PROJECT_DIR)/Seek_trail",
				);
				INFOPLIST_FILE = Seek_trail/Info.plist;
				LD_RUNPATH_SEARCH_PATHS = "$(inherited) @executable_path/../Frameworks";
				MACOSX_DEPLOYMENT_TARGET = 10.13;
				PRODUCT_BUNDLE_IDENTIFIER = "edu.asu.ame.Seek-trail";
				PRODUCT_NAME = "$(TARGET_NAME)";
				SWIFT_VERSION = 4.2;
			};
			name = Debug;
		};
		5C9EB26D1ED8E79D001B6C12 /* Release */ = {
			isa = XCBuildConfiguration;
			buildSettings = {
				ASSETCATALOG_COMPILER_APPICON_NAME = AppIcon;
				COMBINE_HIDPI_IMAGES = YES;
				FRAMEWORK_SEARCH_PATHS = (
					"$(inherited)",
					"$(PROJECT_DIR)",
					"$(PROJECT_DIR)/Seek_trail",
				);
				INFOPLIST_FILE = Seek_trail/Info.plist;
				LD_RUNPATH_SEARCH_PATHS = "$(inherited) @executable_path/../Frameworks";
				MACOSX_DEPLOYMENT_TARGET = 10.13;
				PRODUCT_BUNDLE_IDENTIFIER = "edu.asu.ame.Seek-trail";
				PRODUCT_NAME = "$(TARGET_NAME)";
				SWIFT_VERSION = 4.2;
			};
			name = Release;
		};
/* End XCBuildConfiguration section */

/* Begin XCConfigurationList section */
		5C9EB2571ED8E79D001B6C12 /* Build configuration list for PBXProject "Seek_trail" */ = {
			isa = XCConfigurationList;
			buildConfigurations = (
				5C9EB2691ED8E79D001B6C12 /* Debug */,
				5C9EB26A1ED8E79D001B6C12 /* Release */,
			);
			defaultConfigurationIsVisible = 0;
			defaultConfigurationName = Release;
		};
		5C9EB26B1ED8E79D001B6C12 /* Build configuration list for PBXNativeTarget "Seek_trail" */ = {
			isa = XCConfigurationList;
			buildConfigurations = (
				5C9EB26C1ED8E79D001B6C12 /* Debug */,
				5C9EB26D1ED8E79D001B6C12 /* Release */,
			);
			defaultConfigurationIsVisible = 0;
			defaultConfigurationName = Release;
		};
/* End XCConfigurationList section */
	};
	rootObject = 5C9EB2541ED8E79D001B6C12 /* Project object */;
}
