// !$*UTF8*$!
{
	archiveVersion = 1;
	classes = {
	};
	objectVersion = 48;
	objects = {

/* Begin PBXBuildFile section */
		5C3DC62E1F6E3F1300FCDFAD /* AppDelegate.swift in Sources */ = {isa = PBXBuildFile; fileRef = 5C3DC62D1F6E3F1300FCDFAD /* AppDelegate.swift */; };
		5C3DC6301F6E3F1300FCDFAD /* ViewController.swift in Sources */ = {isa = PBXBuildFile; fileRef = 5C3DC62F1F6E3F1300FCDFAD /* ViewController.swift */; };
		5C3DC6321F6E3F1300FCDFAD /* Assets.xcassets in Resources */ = {isa = PBXBuildFile; fileRef = 5C3DC6311F6E3F1300FCDFAD /* Assets.xcassets */; };
		5C3DC6351F6E3F1300FCDFAD /* Main.storyboard in Resources */ = {isa = PBXBuildFile; fileRef = 5C3DC6331F6E3F1300FCDFAD /* Main.storyboard */; };
		5C3DC63E1F6E3F2C00FCDFAD /* Tin.framework in Frameworks */ = {isa = PBXBuildFile; fileRef = 5C3DC63D1F6E3F2700FCDFAD /* Tin.framework */; };
		5C3DC63F1F6E3F2C00FCDFAD /* Tin.framework in Embed Frameworks */ = {isa = PBXBuildFile; fileRef = 5C3DC63D1F6E3F2700FCDFAD /* Tin.framework */; settings = {ATTRIBUTES = (CodeSignOnCopy, RemoveHeadersOnCopy, ); }; };
		5C3DC6441F6F6D4600FCDFAD /* Attractor.swift in Sources */ = {isa = PBXBuildFile; fileRef = 5C3DC6431F6F6D4600FCDFAD /* Attractor.swift */; };
		5C3DC6461F6F6EF400FCDFAD /* Mover.swift in Sources */ = {isa = PBXBuildFile; fileRef = 5C3DC6451F6F6EF400FCDFAD /* Mover.swift */; };
/* End PBXBuildFile section */

/* Begin PBXCopyFilesBuildPhase section */
		5C3DC6401F6E3F2C00FCDFAD /* Embed Frameworks */ = {
			isa = PBXCopyFilesBuildPhase;
			buildActionMask = 2147483647;
			dstPath = "";
			dstSubfolderSpec = 10;
			files = (
				5C3DC63F1F6E3F2C00FCDFAD /* Tin.framework in Embed Frameworks */,
			);
			name = "Embed Frameworks";
			runOnlyForDeploymentPostprocessing = 0;
		};
/* End PBXCopyFilesBuildPhase section */

/* Begin PBXFileReference section */
		5C3DC62A1F6E3F1300FCDFAD /* Forces_angular_motion.app */ = {isa = PBXFileReference; explicitFileType = wrapper.application; includeInIndex = 0; path = Forces_angular_motion.app; sourceTree = BUILT_PRODUCTS_DIR; };
		5C3DC62D1F6E3F1300FCDFAD /* AppDelegate.swift */ = {isa = PBXFileReference; lastKnownFileType = sourcecode.swift; path = AppDelegate.swift; sourceTree = "<group>"; };
		5C3DC62F1F6E3F1300FCDFAD /* ViewController.swift */ = {isa = PBXFileReference; lastKnownFileType = sourcecode.swift; path = ViewController.swift; sourceTree = "<group>"; };
		5C3DC6311F6E3F1300FCDFAD /* Assets.xcassets */ = {isa = PBXFileReference; lastKnownFileType = folder.assetcatalog; path = Assets.xcassets; sourceTree = "<group>"; };
		5C3DC6341F6E3F1300FCDFAD /* Base */ = {isa = PBXFileReference; lastKnownFileType = file.storyboard; name = Base; path = Base.lproj/Main.storyboard; sourceTree = "<group>"; };
		5C3DC6361F6E3F1300FCDFAD /* Info.plist */ = {isa = PBXFileReference; lastKnownFileType = text.plist.xml; path = Info.plist; sourceTree = "<group>"; };
		5C3DC6371F6E3F1300FCDFAD /* Angular_motion.entitlements */ = {isa = PBXFileReference; lastKnownFileType = text.plist.entitlements; path = Angular_motion.entitlements; sourceTree = "<group>"; };
		5C3DC63D1F6E3F2700FCDFAD /* Tin.framework */ = {isa = PBXFileReference; lastKnownFileType = wrapper.framework; path = Tin.framework; sourceTree = "<group>"; };
		5C3DC6431F6F6D4600FCDFAD /* Attractor.swift */ = {isa = PBXFileReference; lastKnownFileType = sourcecode.swift; path = Attractor.swift; sourceTree = "<group>"; };
		5C3DC6451F6F6EF400FCDFAD /* Mover.swift */ = {isa = PBXFileReference; lastKnownFileType = sourcecode.swift; path = Mover.swift; sourceTree = "<group>"; };
/* End PBXFileReference section */

/* Begin PBXFrameworksBuildPhase section */
		5C3DC6271F6E3F1300FCDFAD /* Frameworks */ = {
			isa = PBXFrameworksBuildPhase;
			buildActionMask = 2147483647;
			files = (
				5C3DC63E1F6E3F2C00FCDFAD /* Tin.framework in Frameworks */,
			);
			runOnlyForDeploymentPostprocessing = 0;
		};
/* End PBXFrameworksBuildPhase section */

/* Begin PBXGroup section */
		5C3DC6211F6E3F1300FCDFAD = {
			isa = PBXGroup;
			children = (
				5C3DC62C1F6E3F1300FCDFAD /* Forces_angular_motion */,
				5C3DC62B1F6E3F1300FCDFAD /* Products */,
			);
			sourceTree = "<group>";
		};
		5C3DC62B1F6E3F1300FCDFAD /* Products */ = {
			isa = PBXGroup;
			children = (
				5C3DC62A1F6E3F1300FCDFAD /* Forces_angular_motion.app */,
			);
			name = Products;
			sourceTree = "<group>";
		};
		5C3DC62C1F6E3F1300FCDFAD /* Forces_angular_motion */ = {
			isa = PBXGroup;
			children = (
				5C3DC62D1F6E3F1300FCDFAD /* AppDelegate.swift */,
				5C3DC62F1F6E3F1300FCDFAD /* ViewController.swift */,
				5C3DC6431F6F6D4600FCDFAD /* Attractor.swift */,
				5C3DC6451F6F6EF400FCDFAD /* Mover.swift */,
				5C3DC6311F6E3F1300FCDFAD /* Assets.xcassets */,
				5C3DC6331F6E3F1300FCDFAD /* Main.storyboard */,
				5C3DC6361F6E3F1300FCDFAD /* Info.plist */,
				5C3DC6371F6E3F1300FCDFAD /* Angular_motion.entitlements */,
				5C3DC63D1F6E3F2700FCDFAD /* Tin.framework */,
			);
			path = Forces_angular_motion;
			sourceTree = "<group>";
		};
/* End PBXGroup section */

/* Begin PBXNativeTarget section */
		5C3DC6291F6E3F1300FCDFAD /* Forces_angular_motion */ = {
			isa = PBXNativeTarget;
			buildConfigurationList = 5C3DC63A1F6E3F1300FCDFAD /* Build configuration list for PBXNativeTarget "Forces_angular_motion" */;
			buildPhases = (
				5C3DC6261F6E3F1300FCDFAD /* Sources */,
				5C3DC6271F6E3F1300FCDFAD /* Frameworks */,
				5C3DC6281F6E3F1300FCDFAD /* Resources */,
				5C3DC6401F6E3F2C00FCDFAD /* Embed Frameworks */,
			);
			buildRules = (
			);
			dependencies = (
			);
			name = Forces_angular_motion;
			productName = Angular_motion;
			productReference = 5C3DC62A1F6E3F1300FCDFAD /* Forces_angular_motion.app */;
			productType = "com.apple.product-type.application";
		};
/* End PBXNativeTarget section */

/* Begin PBXProject section */
		5C3DC6221F6E3F1300FCDFAD /* Project object */ = {
			isa = PBXProject;
			attributes = {
				LastSwiftUpdateCheck = 0900;
				LastUpgradeCheck = 0900;
				ORGANIZATIONNAME = ASU;
				TargetAttributes = {
					5C3DC6291F6E3F1300FCDFAD = {
						CreatedOnToolsVersion = 9.0;
						ProvisioningStyle = Automatic;
					};
				};
			};
			buildConfigurationList = 5C3DC6251F6E3F1300FCDFAD /* Build configuration list for PBXProject "Forces_angular_motion" */;
			compatibilityVersion = "Xcode 8.0";
			developmentRegion = en;
			hasScannedForEncodings = 0;
			knownRegions = (
				en,
				Base,
			);
			mainGroup = 5C3DC6211F6E3F1300FCDFAD;
			productRefGroup = 5C3DC62B1F6E3F1300FCDFAD /* Products */;
			projectDirPath = "";
			projectRoot = "";
			targets = (
				5C3DC6291F6E3F1300FCDFAD /* Forces_angular_motion */,
			);
		};
/* End PBXProject section */

/* Begin PBXResourcesBuildPhase section */
		5C3DC6281F6E3F1300FCDFAD /* Resources */ = {
			isa = PBXResourcesBuildPhase;
			buildActionMask = 2147483647;
			files = (
				5C3DC6321F6E3F1300FCDFAD /* Assets.xcassets in Resources */,
				5C3DC6351F6E3F1300FCDFAD /* Main.storyboard in Resources */,
			);
			runOnlyForDeploymentPostprocessing = 0;
		};
/* End PBXResourcesBuildPhase section */

/* Begin PBXSourcesBuildPhase section */
		5C3DC6261F6E3F1300FCDFAD /* Sources */ = {
			isa = PBXSourcesBuildPhase;
			buildActionMask = 2147483647;
			files = (
				5C3DC6301F6E3F1300FCDFAD /* ViewController.swift in Sources */,
				5C3DC62E1F6E3F1300FCDFAD /* AppDelegate.swift in Sources */,
				5C3DC6441F6F6D4600FCDFAD /* Attractor.swift in Sources */,
				5C3DC6461F6F6EF400FCDFAD /* Mover.swift in Sources */,
			);
			runOnlyForDeploymentPostprocessing = 0;
		};
/* End PBXSourcesBuildPhase section */

/* Begin PBXVariantGroup section */
		5C3DC6331F6E3F1300FCDFAD /* Main.storyboard */ = {
			isa = PBXVariantGroup;
			children = (
				5C3DC6341F6E3F1300FCDFAD /* Base */,
			);
			name = Main.storyboard;
			sourceTree = "<group>";
		};
/* End PBXVariantGroup section */

/* Begin XCBuildConfiguration section */
		5C3DC6381F6E3F1300FCDFAD /* Debug */ = {
			isa = XCBuildConfiguration;
			buildSettings = {
				ALWAYS_SEARCH_USER_PATHS = NO;
				CLANG_ANALYZER_NONNULL = YES;
				CLANG_ANALYZER_NUMBER_OBJECT_CONVERSION = YES_AGGRESSIVE;
				CLANG_CXX_LANGUAGE_STANDARD = "gnu++14";
				CLANG_CXX_LIBRARY = "libc++";
				CLANG_ENABLE_MODULES = YES;
				CLANG_ENABLE_OBJC_ARC = YES;
				CLANG_WARN_BLOCK_CAPTURE_AUTORELEASING = YES;
				CLANG_WARN_BOOL_CONVERSION = YES;
				CLANG_WARN_COMMA = YES;
				CLANG_WARN_CONSTANT_CONVERSION = YES;
				CLANG_WARN_DIRECT_OBJC_ISA_USAGE = YES_ERROR;
				CLANG_WARN_DOCUMENTATION_COMMENTS = YES;
				CLANG_WARN_EMPTY_BODY = YES;
				CLANG_WARN_ENUM_CONVERSION = YES;
				CLANG_WARN_INFINITE_RECURSION = YES;
				CLANG_WARN_INT_CONVERSION = YES;
				CLANG_WARN_NON_LITERAL_NULL_CONVERSION = YES;
				CLANG_WARN_OBJC_LITERAL_CONVERSION = YES;
				CLANG_WARN_OBJC_ROOT_CLASS = YES_ERROR;
				CLANG_WARN_RANGE_LOOP_ANALYSIS = YES;
				CLANG_WARN_STRICT_PROTOTYPES = YES;
				CLANG_WARN_SUSPICIOUS_MOVE = YES;
				CLANG_WARN_UNGUARDED_AVAILABILITY = YES_AGGRESSIVE;
				CLANG_WARN_UNREACHABLE_CODE = YES;
				CLANG_WARN__DUPLICATE_METHOD_MATCH = YES;
				CODE_SIGN_IDENTITY = "-";
				COPY_PHASE_STRIP = NO;
				DEBUG_INFORMATION_FORMAT = dwarf;
				ENABLE_STRICT_OBJC_MSGSEND = YES;
				ENABLE_TESTABILITY = YES;
				GCC_C_LANGUAGE_STANDARD = gnu11;
				GCC_DYNAMIC_NO_PIC = NO;
				GCC_NO_COMMON_BLOCKS = YES;
				GCC_OPTIMIZATION_LEVEL = 0;
				GCC_PREPROCESSOR_DEFINITIONS = (
					"DEBUG=1",
					"$(inherited)",
				);
				GCC_WARN_64_TO_32_BIT_CONVERSION = YES;
				GCC_WARN_ABOUT_RETURN_TYPE = YES_ERROR;
				GCC_WARN_UNDECLARED_SELECTOR = YES;
				GCC_WARN_UNINITIALIZED_AUTOS = YES_AGGRESSIVE;
				GCC_WARN_UNUSED_FUNCTION = YES;
				GCC_WARN_UNUSED_VARIABLE = YES;
				MACOSX_DEPLOYMENT_TARGET = 10.14;
				MTL_ENABLE_DEBUG_INFO = YES;
				ONLY_ACTIVE_ARCH = YES;
				SDKROOT = macosx;
				SWIFT_ACTIVE_COMPILATION_CONDITIONS = DEBUG;
				SWIFT_OPTIMIZATION_LEVEL = "-Onone";
			};
			name = Debug;
		};
		5C3DC6391F6E3F1300FCDFAD /* Release */ = {
			isa = XCBuildConfiguration;
			buildSettings = {
				ALWAYS_SEARCH_USER_PATHS = NO;
				CLANG_ANALYZER_NONNULL = YES;
				CLANG_ANALYZER_NUMBER_OBJECT_CONVERSION = YES_AGGRESSIVE;
				CLANG_CXX_LANGUAGE_STANDARD = "gnu++14";
				CLANG_CXX_LIBRARY = "libc++";
				CLANG_ENABLE_MODULES = YES;
				CLANG_ENABLE_OBJC_ARC = YES;
				CLANG_WARN_BLOCK_CAPTURE_AUTORELEASING = YES;
				CLANG_WARN_BOOL_CONVERSION = YES;
				CLANG_WARN_COMMA = YES;
				CLANG_WARN_CONSTANT_CONVERSION = YES;
				CLANG_WARN_DIRECT_OBJC_ISA_USAGE = YES_ERROR;
				CLANG_WARN_DOCUMENTATION_COMMENTS = YES;
				CLANG_WARN_EMPTY_BODY = YES;
				CLANG_WARN_ENUM_CONVERSION = YES;
				CLANG_WARN_INFINITE_RECURSION = YES;
				CLANG_WARN_INT_CONVERSION = YES;
				CLANG_WARN_NON_LITERAL_NULL_CONVERSION = YES;
				CLANG_WARN_OBJC_LITERAL_CONVERSION = YES;
				CLANG_WARN_OBJC_ROOT_CLASS = YES_ERROR;
				CLANG_WARN_RANGE_LOOP_ANALYSIS = YES;
				CLANG_WARN_STRICT_PROTOTYPES = YES;
				CLANG_WARN_SUSPICIOUS_MOVE = YES;
				CLANG_WARN_UNGUARDED_AVAILABILITY = YES_AGGRESSIVE;
				CLANG_WARN_UNREACHABLE_CODE = YES;
				CLANG_WARN__DUPLICATE_METHOD_MATCH = YES;
				CODE_SIGN_IDENTITY = "-";
				COPY_PHASE_STRIP = NO;
				DEBUG_INFORMATION_FORMAT = "dwarf-with-dsym";
				ENABLE_NS_ASSERTIONS = NO;
				ENABLE_STRICT_OBJC_MSGSEND = YES;
				GCC_C_LANGUAGE_STANDARD = gnu11;
				GCC_NO_COMMON_BLOCKS = YES;
				GCC_WARN_64_TO_32_BIT_CONVERSION = YES;
				GCC_WARN_ABOUT_RETURN_TYPE = YES_ERROR;
				GCC_WARN_UNDECLARED_SELECTOR = YES;
				GCC_WARN_UNINITIALIZED_AUTOS = YES_AGGRESSIVE;
				GCC_WARN_UNUSED_FUNCTION = YES;
				GCC_WARN_UNUSED_VARIABLE = YES;
				MACOSX_DEPLOYMENT_TARGET = 10.14;
				MTL_ENABLE_DEBUG_INFO = NO;
				SDKROOT = macosx;
				SWIFT_OPTIMIZATION_LEVEL = "-Owholemodule";
			};
			name = Release;
		};
		5C3DC63B1F6E3F1300FCDFAD /* Debug */ = {
			isa = XCBuildConfiguration;
			buildSettings = {
				ASSETCATALOG_COMPILER_APPICON_NAME = AppIcon;
				CODE_SIGN_ENTITLEMENTS = Forces_angular_motion/Angular_motion.entitlements;
				CODE_SIGN_STYLE = Automatic;
				COMBINE_HIDPI_IMAGES = YES;
				FRAMEWORK_SEARCH_PATHS = (
					"$(inherited)",
					"$(PROJECT_DIR)/Forces_angular_motion",
				);
				INFOPLIST_FILE = Forces_angular_motion/Info.plist;
				LD_RUNPATH_SEARCH_PATHS = "$(inherited) @executable_path/../Frameworks";
				MACOSX_DEPLOYMENT_TARGET = 10.14;
				PRODUCT_BUNDLE_IDENTIFIER = "edu.asu.ame.Forces-angular-motion";
				PRODUCT_NAME = "$(TARGET_NAME)";
				SWIFT_VERSION = 5.0;
			};
			name = Debug;
		};
		5C3DC63C1F6E3F1300FCDFAD /* Release */ = {
			isa = XCBuildConfiguration;
			buildSettings = {
				ASSETCATALOG_COMPILER_APPICON_NAME = AppIcon;
				CODE_SIGN_ENTITLEMENTS = Forces_angular_motion/Angular_motion.entitlements;
				CODE_SIGN_STYLE = Automatic;
				COMBINE_HIDPI_IMAGES = YES;
				FRAMEWORK_SEARCH_PATHS = (
					"$(inherited)",
					"$(PROJECT_DIR)/Forces_angular_motion",
				);
				INFOPLIST_FILE = Forces_angular_motion/Info.plist;
				LD_RUNPATH_SEARCH_PATHS = "$(inherited) @executable_path/../Frameworks";
				MACOSX_DEPLOYMENT_TARGET = 10.14;
				PRODUCT_BUNDLE_IDENTIFIER = "edu.asu.ame.Forces-angular-motion";
				PRODUCT_NAME = "$(TARGET_NAME)";
				SWIFT_VERSION = 5.0;
			};
			name = Release;
		};
/* End XCBuildConfiguration section */

/* Begin XCConfigurationList section */
		5C3DC6251F6E3F1300FCDFAD /* Build configuration list for PBXProject "Forces_angular_motion" */ = {
			isa = XCConfigurationList;
			buildConfigurations = (
				5C3DC6381F6E3F1300FCDFAD /* Debug */,
				5C3DC6391F6E3F1300FCDFAD /* Release */,
			);
			defaultConfigurationIsVisible = 0;
			defaultConfigurationName = Release;
		};
		5C3DC63A1F6E3F1300FCDFAD /* Build configuration list for PBXNativeTarget "Forces_angular_motion" */ = {
			isa = XCConfigurationList;
			buildConfigurations = (
				5C3DC63B1F6E3F1300FCDFAD /* Debug */,
				5C3DC63C1F6E3F1300FCDFAD /* Release */,
			);
			defaultConfigurationIsVisible = 0;
			defaultConfigurationName = Release;
		};
/* End XCConfigurationList section */
	};
	rootObject = 5C3DC6221F6E3F1300FCDFAD /* Project object */;
}
